// !$*UTF8*$!
{
	archiveVersion = 1;
	classes = {
	};
	objectVersion = 50;
	objects = {

/* Begin PBXBuildFile section */
		140A44C226720FA900F782A8 /* VCCWeatherFetcher.h in Headers */ = {isa = PBXBuildFile; fileRef = 140A44C026720FA800F782A8 /* VCCWeatherFetcher.h */; };
		140A44C326720FA900F782A8 /* VCCWeatherFetcher.m in Sources */ = {isa = PBXBuildFile; fileRef = 140A44C126720FA800F782A8 /* VCCWeatherFetcher.m */; };
		140A44C626720FD000F782A8 /* VCCWeather.h in Headers */ = {isa = PBXBuildFile; fileRef = 140A44C426720FD000F782A8 /* VCCWeather.h */; };
		140A44C726720FD000F782A8 /* VCCWeather.m in Sources */ = {isa = PBXBuildFile; fileRef = 140A44C526720FD000F782A8 /* VCCWeather.m */; };
		14DAD190266F8A8C00FD6937 /* VungleCC.h in Headers */ = {isa = PBXBuildFile; fileRef = 14DAD18E266F8A8C00FD6937 /* VungleCC.h */; settings = {ATTRIBUTES = (Public, ); }; };
/* End PBXBuildFile section */

/* Begin PBXFileReference section */
		140A44C026720FA800F782A8 /* VCCWeatherFetcher.h */ = {isa = PBXFileReference; lastKnownFileType = sourcecode.c.h; path = VCCWeatherFetcher.h; sourceTree = "<group>"; };
		140A44C126720FA800F782A8 /* VCCWeatherFetcher.m */ = {isa = PBXFileReference; lastKnownFileType = sourcecode.c.objc; path = VCCWeatherFetcher.m; sourceTree = "<group>"; };
		140A44C426720FD000F782A8 /* VCCWeather.h */ = {isa = PBXFileReference; lastKnownFileType = sourcecode.c.h; path = VCCWeather.h; sourceTree = "<group>"; };
		140A44C526720FD000F782A8 /* VCCWeather.m */ = {isa = PBXFileReference; lastKnownFileType = sourcecode.c.objc; path = VCCWeather.m; sourceTree = "<group>"; };
		14DAD18B266F8A8C00FD6937 /* VungleCC.framework */ = {isa = PBXFileReference; explicitFileType = wrapper.framework; includeInIndex = 0; path = VungleCC.framework; sourceTree = BUILT_PRODUCTS_DIR; };
		14DAD18E266F8A8C00FD6937 /* VungleCC.h */ = {isa = PBXFileReference; lastKnownFileType = sourcecode.c.h; path = VungleCC.h; sourceTree = "<group>"; };
		14DAD18F266F8A8C00FD6937 /* Info.plist */ = {isa = PBXFileReference; lastKnownFileType = text.plist.xml; path = Info.plist; sourceTree = "<group>"; };
/* End PBXFileReference section */

/* Begin PBXFrameworksBuildPhase section */
		14DAD188266F8A8C00FD6937 /* Frameworks */ = {
			isa = PBXFrameworksBuildPhase;
			buildActionMask = 2147483647;
			files = (
			);
			runOnlyForDeploymentPostprocessing = 0;
		};
/* End PBXFrameworksBuildPhase section */

/* Begin PBXGroup section */
		14DAD181266F8A8C00FD6937 = {
			isa = PBXGroup;
			children = (
				14DAD18D266F8A8C00FD6937 /* VungleCC */,
				14DAD18C266F8A8C00FD6937 /* Products */,
			);
			sourceTree = "<group>";
		};
		14DAD18C266F8A8C00FD6937 /* Products */ = {
			isa = PBXGroup;
			children = (
				14DAD18B266F8A8C00FD6937 /* VungleCC.framework */,
			);
			name = Products;
			sourceTree = "<group>";
		};
		14DAD18D266F8A8C00FD6937 /* VungleCC */ = {
			isa = PBXGroup;
			children = (
				14DAD18E266F8A8C00FD6937 /* VungleCC.h */,
				14DAD18F266F8A8C00FD6937 /* Info.plist */,
				140A44C026720FA800F782A8 /* VCCWeatherFetcher.h */,
				140A44C126720FA800F782A8 /* VCCWeatherFetcher.m */,
				140A44C426720FD000F782A8 /* VCCWeather.h */,
				140A44C526720FD000F782A8 /* VCCWeather.m */,
			);
			path = VungleCC;
			sourceTree = "<group>";
		};
/* End PBXGroup section */

/* Begin PBXHeadersBuildPhase section */
		14DAD186266F8A8C00FD6937 /* Headers */ = {
			isa = PBXHeadersBuildPhase;
			buildActionMask = 2147483647;
			files = (
				140A44C226720FA900F782A8 /* VCCWeatherFetcher.h in Headers */,
				14DAD190266F8A8C00FD6937 /* VungleCC.h in Headers */,
				140A44C626720FD000F782A8 /* VCCWeather.h in Headers */,
			);
			runOnlyForDeploymentPostprocessing = 0;
		};
/* End PBXHeadersBuildPhase section */

/* Begin PBXNativeTarget section */
		14DAD18A266F8A8C00FD6937 /* VungleCC */ = {
			isa = PBXNativeTarget;
			buildConfigurationList = 14DAD193266F8A8C00FD6937 /* Build configuration list for PBXNativeTarget "VungleCC" */;
			buildPhases = (
				14DAD186266F8A8C00FD6937 /* Headers */,
				14DAD187266F8A8C00FD6937 /* Sources */,
				14DAD188266F8A8C00FD6937 /* Frameworks */,
				14DAD189266F8A8C00FD6937 /* Resources */,
			);
			buildRules = (
			);
			dependencies = (
			);
			name = VungleCC;
			productName = VungleCC;
			productReference = 14DAD18B266F8A8C00FD6937 /* VungleCC.framework */;
			productType = "com.apple.product-type.framework";
		};
/* End PBXNativeTarget section */

/* Begin PBXProject section */
		14DAD182266F8A8C00FD6937 /* Project object */ = {
			isa = PBXProject;
			attributes = {
				LastUpgradeCheck = 1250;
				TargetAttributes = {
					14DAD18A266F8A8C00FD6937 = {
						CreatedOnToolsVersion = 12.5;
					};
				};
			};
			buildConfigurationList = 14DAD185266F8A8C00FD6937 /* Build configuration list for PBXProject "VungleCC" */;
			compatibilityVersion = "Xcode 9.3";
			developmentRegion = en;
			hasScannedForEncodings = 0;
			knownRegions = (
				en,
				Base,
			);
			mainGroup = 14DAD181266F8A8C00FD6937;
			productRefGroup = 14DAD18C266F8A8C00FD6937 /* Products */;
			projectDirPath = "";
			projectRoot = "";
			targets = (
				14DAD18A266F8A8C00FD6937 /* VungleCC */,
			);
		};
/* End PBXProject section */

/* Begin PBXResourcesBuildPhase section */
		14DAD189266F8A8C00FD6937 /* Resources */ = {
			isa = PBXResourcesBuildPhase;
			buildActionMask = 2147483647;
			files = (
			);
			runOnlyForDeploymentPostprocessing = 0;
		};
/* End PBXResourcesBuildPhase section */

/* Begin PBXSourcesBuildPhase section */
		14DAD187266F8A8C00FD6937 /* Sources */ = {
			isa = PBXSourcesBuildPhase;
			buildActionMask = 2147483647;
			files = (
				140A44C326720FA900F782A8 /* VCCWeatherFetcher.m in Sources */,
				140A44C726720FD000F782A8 /* VCCWeather.m in Sources */,
			);
			runOnlyForDeploymentPostprocessing = 0;
		};
/* End PBXSourcesBuildPhase section */

/* Begin XCBuildConfiguration section */
		14DAD191266F8A8C00FD6937 /* Debug */ = {
			isa = XCBuildConfiguration;
			buildSettings = {
				ALWAYS_SEARCH_USER_PATHS = NO;
				CLANG_ANALYZER_NONNULL = YES;
				CLANG_ANALYZER_NUMBER_OBJECT_CONVERSION = YES_AGGRESSIVE;
				CLANG_CXX_LANGUAGE_STANDARD = "gnu++14";
				CLANG_CXX_LIBRARY = "libc++";
				CLANG_ENABLE_MODULES = YES;
				CLANG_ENABLE_OBJC_ARC = YES;
				CLANG_ENABLE_OBJC_WEAK = YES;
				CLANG_WARN_BLOCK_CAPTURE_AUTORELEASING = YES;
				CLANG_WARN_BOOL_CONVERSION = YES;
				CLANG_WARN_COMMA = YES;
				CLANG_WARN_CONSTANT_CONVERSION = YES;
				CLANG_WARN_DEPRECATED_OBJC_IMPLEMENTATIONS = YES;
				CLANG_WARN_DIRECT_OBJC_ISA_USAGE = YES_ERROR;
				CLANG_WARN_DOCUMENTATION_COMMENTS = YES;
				CLANG_WARN_EMPTY_BODY = YES;
				CLANG_WARN_ENUM_CONVERSION = YES;
				CLANG_WARN_INFINITE_RECURSION = YES;
				CLANG_WARN_INT_CONVERSION = YES;
				CLANG_WARN_NON_LITERAL_NULL_CONVERSION = YES;
				CLANG_WARN_OBJC_IMPLICIT_RETAIN_SELF = YES;
				CLANG_WARN_OBJC_LITERAL_CONVERSION = YES;
				CLANG_WARN_OBJC_ROOT_CLASS = YES_ERROR;
				CLANG_WARN_QUOTED_INCLUDE_IN_FRAMEWORK_HEADER = YES;
				CLANG_WARN_RANGE_LOOP_ANALYSIS = YES;
				CLANG_WARN_STRICT_PROTOTYPES = YES;
				CLANG_WARN_SUSPICIOUS_MOVE = YES;
				CLANG_WARN_UNGUARDED_AVAILABILITY = YES_AGGRESSIVE;
				CLANG_WARN_UNREACHABLE_CODE = YES;
				CLANG_WARN__DUPLICATE_METHOD_MATCH = YES;
				COPY_PHASE_STRIP = NO;
				CURRENT_PROJECT_VERSION = 1;
				DEBUG_INFORMATION_FORMAT = dwarf;
				ENABLE_STRICT_OBJC_MSGSEND = YES;
				ENABLE_TESTABILITY = YES;
				GCC_C_LANGUAGE_STANDARD = gnu11;
				GCC_DYNAMIC_NO_PIC = NO;
				GCC_NO_COMMON_BLOCKS = YES;
				GCC_OPTIMIZATION_LEVEL = 0;
				GCC_PREPROCESSOR_DEFINITIONS = (
					"DEBUG=1",
					"$(inherited)",
				);
				GCC_WARN_64_TO_32_BIT_CONVERSION = YES;
				GCC_WARN_ABOUT_RETURN_TYPE = YES_ERROR;
				GCC_WARN_UNDECLARED_SELECTOR = YES;
				GCC_WARN_UNINITIALIZED_AUTOS = YES_AGGRESSIVE;
				GCC_WARN_UNUSED_FUNCTION = YES;
				GCC_WARN_UNUSED_VARIABLE = YES;
				IPHONEOS_DEPLOYMENT_TARGET = 14.5;
				MTL_ENABLE_DEBUG_INFO = INCLUDE_SOURCE;
				MTL_FAST_MATH = YES;
				ONLY_ACTIVE_ARCH = YES;
				SDKROOT = iphoneos;
				VERSIONING_SYSTEM = "apple-generic";
				VERSION_INFO_PREFIX = "";
			};
			name = Debug;
		};
		14DAD192266F8A8C00FD6937 /* Release */ = {
			isa = XCBuildConfiguration;
			buildSettings = {
				ALWAYS_SEARCH_USER_PATHS = NO;
				CLANG_ANALYZER_NONNULL = YES;
				CLANG_ANALYZER_NUMBER_OBJECT_CONVERSION = YES_AGGRESSIVE;
				CLANG_CXX_LANGUAGE_STANDARD = "gnu++14";
				CLANG_CXX_LIBRARY = "libc++";
				CLANG_ENABLE_MODULES = YES;
				CLANG_ENABLE_OBJC_ARC = YES;
				CLANG_ENABLE_OBJC_WEAK = YES;
				CLANG_WARN_BLOCK_CAPTURE_AUTORELEASING = YES;
				CLANG_WARN_BOOL_CONVERSION = YES;
				CLANG_WARN_COMMA = YES;
				CLANG_WARN_CONSTANT_CONVERSION = YES;
				CLANG_WARN_DEPRECATED_OBJC_IMPLEMENTATIONS = YES;
				CLANG_WARN_DIRECT_OBJC_ISA_USAGE = YES_ERROR;
				CLANG_WARN_DOCUMENTATION_COMMENTS = YES;
				CLANG_WARN_EMPTY_BODY = YES;
				CLANG_WARN_ENUM_CONVERSION = YES;
				CLANG_WARN_INFINITE_RECURSION = YES;
				CLANG_WARN_INT_CONVERSION = YES;
				CLANG_WARN_NON_LITERAL_NULL_CONVERSION = YES;
				CLANG_WARN_OBJC_IMPLICIT_RETAIN_SELF = YES;
				CLANG_WARN_OBJC_LITERAL_CONVERSION = YES;
				CLANG_WARN_OBJC_ROOT_CLASS = YES_ERROR;
				CLANG_WARN_QUOTED_INCLUDE_IN_FRAMEWORK_HEADER = YES;
				CLANG_WARN_RANGE_LOOP_ANALYSIS = YES;
				CLANG_WARN_STRICT_PROTOTYPES = YES;
				CLANG_WARN_SUSPICIOUS_MOVE = YES;
				CLANG_WARN_UNGUARDED_AVAILABILITY = YES_AGGRESSIVE;
				CLANG_WARN_UNREACHABLE_CODE = YES;
				CLANG_WARN__DUPLICATE_METHOD_MATCH = YES;
				COPY_PHASE_STRIP = NO;
				CURRENT_PROJECT_VERSION = 1;
				DEBUG_INFORMATION_FORMAT = "dwarf-with-dsym";
				ENABLE_NS_ASSERTIONS = NO;
				ENABLE_STRICT_OBJC_MSGSEND = YES;
				GCC_C_LANGUAGE_STANDARD = gnu11;
				GCC_NO_COMMON_BLOCKS = YES;
				GCC_WARN_64_TO_32_BIT_CONVERSION = YES;
				GCC_WARN_ABOUT_RETURN_TYPE = YES_ERROR;
				GCC_WARN_UNDECLARED_SELECTOR = YES;
				GCC_WARN_UNINITIALIZED_AUTOS = YES_AGGRESSIVE;
				GCC_WARN_UNUSED_FUNCTION = YES;
				GCC_WARN_UNUSED_VARIABLE = YES;
				IPHONEOS_DEPLOYMENT_TARGET = 14.5;
				MTL_ENABLE_DEBUG_INFO = NO;
				MTL_FAST_MATH = YES;
				SDKROOT = iphoneos;
				VALIDATE_PRODUCT = YES;
				VERSIONING_SYSTEM = "apple-generic";
				VERSION_INFO_PREFIX = "";
			};
			name = Release;
		};
		14DAD194266F8A8C00FD6937 /* Debug */ = {
			isa = XCBuildConfiguration;
			buildSettings = {
				CODE_SIGN_STYLE = Automatic;
				DEAD_CODE_STRIPPING = YES;
				DEFINES_MODULE = YES;
				DEVELOPMENT_TEAM = D467QNTEYC;
				DYLIB_COMPATIBILITY_VERSION = 1;
				DYLIB_CURRENT_VERSION = 1;
				DYLIB_INSTALL_NAME_BASE = "@rpath";
				INFOPLIST_FILE = VungleCC/Info.plist;
				INSTALL_PATH = "$(LOCAL_LIBRARY_DIR)/Frameworks";
				IPHONEOS_DEPLOYMENT_TARGET = 9.0;
				LD_RUNPATH_SEARCH_PATHS = (
					"$(inherited)",
					"@executable_path/Frameworks",
					"@loader_path/Frameworks",
				);
				MACH_O_TYPE = mh_dylib;
				ONLY_ACTIVE_ARCH = YES;
				PRODUCT_BUNDLE_IDENTIFIER = xyz.zhchpassion.VungleCC;
				PRODUCT_NAME = "$(TARGET_NAME:c99extidentifier)";
				SKIP_INSTALL = YES;
				TARGETED_DEVICE_FAMILY = "1,2";
			};
			name = Debug;
		};
		14DAD195266F8A8C00FD6937 /* Release */ = {
			isa = XCBuildConfiguration;
			buildSettings = {
				CODE_SIGN_STYLE = Automatic;
				DEAD_CODE_STRIPPING = YES;
				DEFINES_MODULE = YES;
				DEVELOPMENT_TEAM = D467QNTEYC;
				DYLIB_COMPATIBILITY_VERSION = 1;
				DYLIB_CURRENT_VERSION = 1;
				DYLIB_INSTALL_NAME_BASE = "@rpath";
				INFOPLIST_FILE = VungleCC/Info.plist;
				INSTALL_PATH = "$(LOCAL_LIBRARY_DIR)/Frameworks";
				IPHONEOS_DEPLOYMENT_TARGET = 9.0;
				LD_RUNPATH_SEARCH_PATHS = (
					"$(inherited)",
					"@executable_path/Frameworks",
					"@loader_path/Frameworks",
				);
				MACH_O_TYPE = mh_dylib;
				ONLY_ACTIVE_ARCH = NO;
				PRODUCT_BUNDLE_IDENTIFIER = xyz.zhchpassion.VungleCC;
				PRODUCT_NAME = "$(TARGET_NAME:c99extidentifier)";
				SKIP_INSTALL = YES;
				TARGETED_DEVICE_FAMILY = "1,2";
			};
			name = Release;
		};
/* End XCBuildConfiguration section */

/* Begin XCConfigurationList section */
		14DAD185266F8A8C00FD6937 /* Build configuration list for PBXProject "VungleCC" */ = {
			isa = XCConfigurationList;
			buildConfigurations = (
				14DAD191266F8A8C00FD6937 /* Debug */,
				14DAD192266F8A8C00FD6937 /* Release */,
			);
			defaultConfigurationIsVisible = 0;
			defaultConfigurationName = Release;
		};
		14DAD193266F8A8C00FD6937 /* Build configuration list for PBXNativeTarget "VungleCC" */ = {
			isa = XCConfigurationList;
			buildConfigurations = (
				14DAD194266F8A8C00FD6937 /* Debug */,
				14DAD195266F8A8C00FD6937 /* Release */,
			);
			defaultConfigurationIsVisible = 0;
			defaultConfigurationName = Release;
		};
/* End XCConfigurationList section */
	};
	rootObject = 14DAD182266F8A8C00FD6937 /* Project object */;
}
